<?xml version="1.0" encoding="utf-8"?>
<Project ToolsVersion="4.0" xmlns="http://schemas.microsoft.com/developer/msbuild/2003">
  <ItemGroup>
    <ClCompile Include="Source\Dll.cpp" />
    <ClCompile Include="Source\ExampleAIModule.cpp" />
    <ClCompile Include="Source\UnitFun.cpp">
      <Filter>UnitFun</Filter>
    </ClCompile>
    <ClCompile Include="Source\BuildManager.cpp">
      <Filter>BuildManager</Filter>
    </ClCompile>
    <ClCompile Include="Source\CommMngr.cpp">
      <Filter>CommandManager</Filter>
    </ClCompile>
    <ClCompile Include="Source\auxFun.cpp">
      <Filter>AuxFun</Filter>
    </ClCompile>
    <ClCompile Include="Source\TaskFun.cpp">
      <Filter>MainMachine\Tasks\TaskFun</Filter>
    </ClCompile>
    <ClCompile Include="Source\TaskEngine.cpp">
      <Filter>MainMachine\Tasks\TaskEngine</Filter>
    </ClCompile>
    <ClCompile Include="Source\ProductionManager.cpp">
      <Filter>MainMachine\ProductionManager</Filter>
    </ClCompile>
    <ClCompile Include="Source\FileIO.cpp">
      <Filter>FileIO</Filter>
    </ClCompile>
    <ClCompile Include="Source\UserInterface.cpp">
      <Filter>UserInterface</Filter>
    </ClCompile>
    <ClCompile Include="Source\Walker.cpp">
      <Filter>CommandManager</Filter>
    </ClCompile>
  </ItemGroup>
  <ItemGroup>
    <ClInclude Include="resource.h" />
    <ClInclude Include="Source\ExampleAIModule.h" />
    <ClInclude Include="Source\UnitFun.h">
      <Filter>UnitFun</Filter>
    </ClInclude>
    <ClInclude Include="Source\BuildManager.h">
      <Filter>BuildManager</Filter>
    </ClInclude>
    <ClInclude Include="Source\CommMngr.h">
      <Filter>CommandManager</Filter>
    </ClInclude>
    <ClInclude Include="Source\auxFun.h">
      <Filter>AuxFun</Filter>
    </ClInclude>
    <ClInclude Include="Source\TaskFun.h">
      <Filter>MainMachine\Tasks\TaskFun</Filter>
    </ClInclude>
    <ClInclude Include="Source\TaskEngine.h">
      <Filter>MainMachine\Tasks\TaskEngine</Filter>
    </ClInclude>
    <ClInclude Include="Source\ProductionManager.h">
      <Filter>MainMachine\ProductionManager</Filter>
    </ClInclude>
    <ClInclude Include="Source\FileIO.h">
      <Filter>FileIO</Filter>
    </ClInclude>
    <ClInclude Include="Source\UserInterface.h">
      <Filter>UserInterface</Filter>
    </ClInclude>
    <ClInclude Include="Source\Walker.h">
      <Filter>CommandManager</Filter>
    </ClInclude>
  </ItemGroup>
  <ItemGroup>
    <ResourceCompile Include="ExampleAIModule.rc" />
  </ItemGroup>
  <ItemGroup>
    <Filter Include="UnitFun">
      <UniqueIdentifier>{67a5882f-0c16-4005-a581-99d1e7ca828e}</UniqueIdentifier>
    </Filter>
    <Filter Include="BuildManager">
      <UniqueIdentifier>{d3bd6d20-d6fb-4962-84d1-3d453e10990f}</UniqueIdentifier>
    </Filter>
    <Filter Include="CommandManager">
      <UniqueIdentifier>{f3c0f5c0-a124-4625-9817-67ed608901d2}</UniqueIdentifier>
    </Filter>
    <Filter Include="AuxFun">
      <UniqueIdentifier>{3f92d090-a3fb-4dde-ad4c-b846db85038f}</UniqueIdentifier>
    </Filter>
    <Filter Include="FileIO">
      <UniqueIdentifier>{7e92348d-d296-4529-a214-b3046669c627}</UniqueIdentifier>
    </Filter>
    <Filter Include="UserInterface">
      <UniqueIdentifier>{aeea4e39-780b-4a0d-a462-acf42074d9ef}</UniqueIdentifier>
    </Filter>
    <Filter Include="MainMachine">
      <UniqueIdentifier>{a4005215-60ba-42d3-a509-a2315bf74036}</UniqueIdentifier>
    </Filter>
    <Filter Include="MainMachine\ProductionManager">
      <UniqueIdentifier>{023a210a-d442-4563-bac0-30424473e62e}</UniqueIdentifier>
    </Filter>
    <Filter Include="MainMachine\Tasks">
      <UniqueIdentifier>{478cb1fc-db49-47f3-b06c-0f1c5facc549}</UniqueIdentifier>
    </Filter>
    <Filter Include="MainMachine\Tasks\TaskEngine">
      <UniqueIdentifier>{22506c3e-c2a2-49da-b953-367d68cebeda}</UniqueIdentifier>
    </Filter>
    <Filter Include="MainMachine\Tasks\TaskFun">
      <UniqueIdentifier>{6ba0dd50-2c4e-4821-953c-8bb22b708a3a}</UniqueIdentifier>
    </Filter>
  </ItemGroup>
</Project>